# meteos-rootwrap command filters for share nodes
# This file should be owned by (and only-writeable by) the root user

[Filters]
# meteos/utils.py : 'chown', '%s', '%s'
chown: CommandFilter, chown, root
# meteos/utils.py : 'cat', '%s'
cat: CommandFilter, cat, root

# meteos/share/drivers/lvm.py: 'rmdir', '%s'
rmdir: CommandFilter, rmdir, root

# meteos/share/drivers/helpers.py: 'cp', '%s', '%s'
cp: CommandFilter, cp, root

# meteos/share/drivers/helpers.py: 'service', '%s', '%s'
service: CommandFilter, service, root

# meteos/share/drivers/glusterfs.py: 'rm', '-rf', '%s'
rm: CommandFilter, rm, root
